
Microsoft Visual Studio Solution File, Format Version 12.00
# Visual Studio Version 17
VisualStudioVersion = 17.5.33627.172
MinimumVisualStudioVersion = 10.0.40219.1
Project("{FAE04EC0-301F-11D3-BF4B-00C04F79EFBC}") = "QuizExamOnline", "QuizExamOnline\QuizExamOnline.csproj", "{C35D69E0-4D3F-4EEE-B562-65033908E6BC}"
EndProject
Global
	GlobalSection(SolutionConfigurationPlatforms) = preSolution
		Debug|Any CPU = Debug|Any CPU
		Release|Any CPU = Release|Any CPU
	EndGlobalSection
	GlobalSection(ProjectConfigurationPlatforms) = postSolution
		{C35D69E0-4D3F-4EEE-B562-65033908E6BC}.Debug|Any CPU.ActiveCfg = Debug|Any CPU
		{C35D69E0-4D3F-4EEE-B562-65033908E6BC}.Debug|Any CPU.Build.0 = Debug|Any CPU
		{C35D69E0-4D3F-4EEE-B562-65033908E6BC}.Release|Any CPU.ActiveCfg = Release|Any CPU
		{C35D69E0-4D3F-4EEE-B562-65033908E6BC}.Release|Any CPU.Build.0 = Release|Any CPU
	EndGlobalSection
	GlobalSection(SolutionProperties) = preSolution
		HideSolutionNode = FALSE
	EndGlobalSection
	GlobalSection(ExtensibilityGlobals) = postSolution
		SolutionGuid = {8013A5BB-8B19-46AA-82A1-5BDA46FE89C8}
	EndGlobalSection
EndGlobal
